
Microsoft Visual Studio Solution File, Format Version 12.00
# Visual Studio Version 17
VisualStudioVersion = 17.2.32630.192
MinimumVisualStudioVersion = 10.0.40219.1
Project("{FAE04EC0-301F-11D3-BF4B-00C04F79EFBC}") = "refactor", "refactor\refactor.csproj", "{DFEB6797-274F-4BE3-AA4A-7DFD06CB6D7B}"
EndProject
Global
	GlobalSection(SolutionConfigurationPlatforms) = preSolution
		Debug|Any CPU = Debug|Any CPU
		Release|Any CPU = Release|Any CPU
	EndGlobalSection
	GlobalSection(ProjectConfigurationPlatforms) = postSolution
		{DFEB6797-274F-4BE3-AA4A-7DFD06CB6D7B}.Debug|Any CPU.ActiveCfg = Debug|Any CPU
		{DFEB6797-274F-4BE3-AA4A-7DFD06CB6D7B}.Debug|Any CPU.Build.0 = Debug|Any CPU
		{DFEB6797-274F-4BE3-AA4A-7DFD06CB6D7B}.Release|Any CPU.ActiveCfg = Release|Any CPU
		{DFEB6797-274F-4BE3-AA4A-7DFD06CB6D7B}.Release|Any CPU.Build.0 = Release|Any CPU
	EndGlobalSection
	GlobalSection(SolutionProperties) = preSolution
		HideSolutionNode = FALSE
	EndGlobalSection
	GlobalSection(ExtensibilityGlobals) = postSolution
		SolutionGuid = {6450ED7B-05A0-4D02-95C2-BE0113AA6F5B}
	EndGlobalSection
EndGlobal
